
Microsoft Visual Studio Solution File, Format Version 12.00
# Visual Studio Version 17
VisualStudioVersion = 17.0.32126.317
MinimumVisualStudioVersion = 10.0.40219.1
Project("{9A19103F-16F7-4668-BE54-9A1E7A4F7556}") = "wallet project WPF", "wallet project WPF\wallet project WPF.csproj", "{4F68135F-41FF-4EFA-BB01-DC7B5BCB08B3}"
EndProject
Global
	GlobalSection(SolutionConfigurationPlatforms) = preSolution
		Debug|Any CPU = Debug|Any CPU
		Release|Any CPU = Release|Any CPU
	EndGlobalSection
	GlobalSection(ProjectConfigurationPlatforms) = postSolution
		{4F68135F-41FF-4EFA-BB01-DC7B5BCB08B3}.Debug|Any CPU.ActiveCfg = Debug|Any CPU
		{4F68135F-41FF-4EFA-BB01-DC7B5BCB08B3}.Debug|Any CPU.Build.0 = Debug|Any CPU
		{4F68135F-41FF-4EFA-BB01-DC7B5BCB08B3}.Release|Any CPU.ActiveCfg = Release|Any CPU
		{4F68135F-41FF-4EFA-BB01-DC7B5BCB08B3}.Release|Any CPU.Build.0 = Release|Any CPU
	EndGlobalSection
	GlobalSection(SolutionProperties) = preSolution
		HideSolutionNode = FALSE
	EndGlobalSection
	GlobalSection(ExtensibilityGlobals) = postSolution
		SolutionGuid = {9ABB44C5-FCBC-4A84-B68B-EC10A0A1B1D3}
	EndGlobalSection
EndGlobal
